<?xml version="1.0" encoding="utf-8"?>
<Project ToolsVersion="4.0" xmlns="http://schemas.microsoft.com/developer/msbuild/2003">
  <ItemGroup>
    <Filter Include="소스 파일">
      <UniqueIdentifier>{4FC737F1-C7A5-4376-A066-2A32D752A2FF}</UniqueIdentifier>
      <Extensions>cpp;c;cc;cxx;def;odl;idl;hpj;bat;asm;asmx</Extensions>
    </Filter>
    <Filter Include="헤더 파일">
      <UniqueIdentifier>{93995380-89BD-4b04-88EB-625FBE52EBFB}</UniqueIdentifier>
      <Extensions>h;hh;hpp;hxx;hm;inl;inc;xsd</Extensions>
    </Filter>
    <Filter Include="리소스 파일">
      <UniqueIdentifier>{67DA6AB6-F800-4c08-8B7A-83BB121AAD01}</UniqueIdentifier>
      <Extensions>rc;ico;cur;bmp;dlg;rc2;rct;bin;rgs;gif;jpg;jpeg;jpe;resx;tiff;tif;png;wav;mfcribbon-ms</Extensions>
    </Filter>
    <Filter Include="소스 파일\Proactor">
      <UniqueIdentifier>{7aba13e1-38c1-46b8-ab85-abc391399299}</UniqueIdentifier>
    </Filter>
    <Filter Include="소스 파일\Proactor\ChildrenOfActor">
      <UniqueIdentifier>{3125f763-e4d9-44a4-9b60-e52ff86aa531}</UniqueIdentifier>
    </Filter>
    <Filter Include="소스 파일\Proactor\Acts">
      <UniqueIdentifier>{e6e57c79-f8d1-4188-acc2-bd049f1c6daf}</UniqueIdentifier>
    </Filter>
    <Filter Include="소스 파일\Proactor\Acts\ChildrenOfAct">
      <UniqueIdentifier>{b5b9a924-011c-48c0-96dc-82ce9c96770d}</UniqueIdentifier>
    </Filter>
    <Filter Include="소스 파일\Utilities">
      <UniqueIdentifier>{831d027a-88af-4371-90d1-df0ae9a08365}</UniqueIdentifier>
    </Filter>
    <Filter Include="소스 파일\Proactor\HandlesOfIO">
      <UniqueIdentifier>{45cec25d-033c-43e9-94b9-ea0330c2c3ee}</UniqueIdentifier>
    </Filter>
    <Filter Include="소스 파일\Proactor\HandlesOfIO\SockInfo">
      <UniqueIdentifier>{79e48a96-6341-4715-87d5-ba1ed5f25cd9}</UniqueIdentifier>
    </Filter>
    <Filter Include="소스 파일\Proactor\HandlesOfIO\SockInfo\Client">
      <UniqueIdentifier>{910632b9-1f53-49a9-acf8-ccf98a0b3149}</UniqueIdentifier>
    </Filter>
    <Filter Include="소스 파일\Proactor\HandlesOfIO\DBHandle">
      <UniqueIdentifier>{f29922e7-f9e5-41ca-95d0-7efbfd0e70d2}</UniqueIdentifier>
    </Filter>
    <Filter Include="소스 파일\Proactor\ChildrenOfActor\ClientActors">
      <UniqueIdentifier>{3c4792d4-7da5-4e2e-b199-384b124e4f4f}</UniqueIdentifier>
    </Filter>
    <Filter Include="소스 파일\Proactor\ChildrenOfActor\DBActors">
      <UniqueIdentifier>{254c9ca8-bc1f-4040-b7ee-4b1c47d687f0}</UniqueIdentifier>
    </Filter>
    <Filter Include="소스 파일\State">
      <UniqueIdentifier>{5fc7bc10-f13e-4849-b5bd-e072b58b94ed}</UniqueIdentifier>
    </Filter>
    <Filter Include="소스 파일\Manager">
      <UniqueIdentifier>{68d2fbf7-6da0-4a95-8592-2277b2c62972}</UniqueIdentifier>
    </Filter>
    <Filter Include="소스 파일\Manager\DBManager">
      <UniqueIdentifier>{75b7b60d-c797-4e69-b4e5-a47d1c40250e}</UniqueIdentifier>
    </Filter>
    <Filter Include="소스 파일\Manager\ClientManager">
      <UniqueIdentifier>{985f6820-cc44-4157-811f-79ab1f33306b}</UniqueIdentifier>
    </Filter>
    <Filter Include="소스 파일\Manager\GlobalManager">
      <UniqueIdentifier>{7d255809-185c-4988-b327-9e874af125cf}</UniqueIdentifier>
    </Filter>
    <Filter Include="소스 파일\Protocol">
      <UniqueIdentifier>{2bbbc402-3dfe-4c61-a76e-40c676a6767f}</UniqueIdentifier>
    </Filter>
    <Filter Include="소스 파일\Protocol\PB">
      <UniqueIdentifier>{65e2d23e-5205-4959-8938-998ee3cc8841}</UniqueIdentifier>
    </Filter>
    <Filter Include="소스 파일\Protocol\Common">
      <UniqueIdentifier>{cec4f76c-5c74-42fa-8343-cd4286e69754}</UniqueIdentifier>
    </Filter>
  </ItemGroup>
  <ItemGroup>
    <Text Include="ReadMe.txt" />
  </ItemGroup>
  <ItemGroup>
    <ClInclude Include="DBConnector.h">
      <Filter>소스 파일\Proactor\ChildrenOfActor\DBActors</Filter>
    </ClInclude>
    <ClInclude Include="DBDisconnector.h">
      <Filter>소스 파일\Proactor\ChildrenOfActor\DBActors</Filter>
    </ClInclude>
    <ClInclude Include="DBHarvester.h">
      <Filter>소스 파일\Proactor\ChildrenOfActor\DBActors</Filter>
    </ClInclude>
    <ClInclude Include="DBQuerier.h">
      <Filter>소스 파일\Proactor\ChildrenOfActor\DBActors</Filter>
    </ClInclude>
    <ClInclude Include="ClientManager.h">
      <Filter>소스 파일\Manager\ClientManager</Filter>
    </ClInclude>
    <ClInclude Include="DBManager.h">
      <Filter>소스 파일\Manager\DBManager</Filter>
    </ClInclude>
    <ClInclude Include="DBAct.h">
      <Filter>소스 파일\Proactor\Acts\ChildrenOfAct</Filter>
    </ClInclude>
    <ClInclude Include="ClientAct.h">
      <Filter>소스 파일\Proactor\Acts\ChildrenOfAct</Filter>
    </ClInclude>
    <ClInclude Include="Act.h">
      <Filter>소스 파일\Proactor\Acts</Filter>
    </ClInclude>
    <ClInclude Include="DBHandle.h">
      <Filter>소스 파일\Proactor\HandlesOfIO\DBHandle</Filter>
    </ClInclude>
    <ClInclude Include="ClientSocket.h">
      <Filter>소스 파일\Proactor\HandlesOfIO\SockInfo\Client</Filter>
    </ClInclude>
    <ClInclude Include="ClientSocketStates.h">
      <Filter>소스 파일\Proactor\HandlesOfIO\SockInfo\Client</Filter>
    </ClInclude>
    <ClInclude Include="ListenSocket.h">
      <Filter>소스 파일\Proactor\HandlesOfIO\SockInfo\Client</Filter>
    </ClInclude>
    <ClInclude Include="StateMachine.h">
      <Filter>소스 파일\State</Filter>
    </ClInclude>
    <ClInclude Include="State.h">
      <Filter>소스 파일\State</Filter>
    </ClInclude>
    <ClInclude Include="SockInfo.h">
      <Filter>소스 파일\Proactor\HandlesOfIO\SockInfo</Filter>
    </ClInclude>
    <ClInclude Include="Actor.h">
      <Filter>소스 파일\Proactor</Filter>
    </ClInclude>
    <ClInclude Include="Proactor.h">
      <Filter>소스 파일\Proactor</Filter>
    </ClInclude>
    <ClInclude Include="LogWriter.h">
      <Filter>소스 파일\Utilities</Filter>
    </ClInclude>
    <ClInclude Include="stdafx.h">
      <Filter>소스 파일\Proactor</Filter>
    </ClInclude>
    <ClInclude Include="targetver.h">
      <Filter>소스 파일\Proactor</Filter>
    </ClInclude>
    <ClInclude Include="GlobalManager.h">
      <Filter>소스 파일\Manager\GlobalManager</Filter>
    </ClInclude>
    <ClInclude Include="Acceptor.h">
      <Filter>소스 파일\Proactor\ChildrenOfActor\ClientActors</Filter>
    </ClInclude>
    <ClInclude Include="Connector.h">
      <Filter>소스 파일\Proactor\ChildrenOfActor\ClientActors</Filter>
    </ClInclude>
    <ClInclude Include="Receiver.h">
      <Filter>소스 파일\Proactor\ChildrenOfActor\ClientActors</Filter>
    </ClInclude>
    <ClInclude Include="Sender.h">
      <Filter>소스 파일\Proactor\ChildrenOfActor\ClientActors</Filter>
    </ClInclude>
    <ClInclude Include="Disconnector.h">
      <Filter>소스 파일\Proactor\ChildrenOfActor\ClientActors</Filter>
    </ClInclude>
    <ClInclude Include="GamePacketEnumeration.pb.h">
      <Filter>소스 파일\Protocol\PB</Filter>
    </ClInclude>
    <ClInclude Include="IngamePacket.pb.h">
      <Filter>소스 파일\Protocol\PB</Filter>
    </ClInclude>
    <ClInclude Include="LoginMessage.pb.h">
      <Filter>소스 파일\Protocol\PB</Filter>
    </ClInclude>
    <ClInclude Include="RoomPacket.pb.h">
      <Filter>소스 파일\Protocol\PB</Filter>
    </ClInclude>
    <ClInclude Include="Common.h">
      <Filter>소스 파일\Protocol\Common</Filter>
    </ClInclude>
    <ClInclude Include="CPacket.h">
      <Filter>소스 파일\Protocol\Common</Filter>
    </ClInclude>
  </ItemGroup>
  <ItemGroup>
    <ClCompile Include="DBManager.cpp">
      <Filter>소스 파일\Manager\DBManager</Filter>
    </ClCompile>
    <ClCompile Include="Actor.cpp">
      <Filter>소스 파일\Proactor</Filter>
    </ClCompile>
    <ClCompile Include="Proactor.cpp">
      <Filter>소스 파일\Proactor</Filter>
    </ClCompile>
    <ClCompile Include="Act.cpp">
      <Filter>소스 파일\Proactor\Acts</Filter>
    </ClCompile>
    <ClCompile Include="DBAct.cpp">
      <Filter>소스 파일\Proactor\Acts\ChildrenOfAct</Filter>
    </ClCompile>
    <ClCompile Include="ClientAct.cpp">
      <Filter>소스 파일\Proactor\Acts\ChildrenOfAct</Filter>
    </ClCompile>
    <ClCompile Include="LogWriter.cpp">
      <Filter>소스 파일\Utilities</Filter>
    </ClCompile>
    <ClCompile Include="ClientManager.cpp">
      <Filter>소스 파일\Manager\ClientManager</Filter>
    </ClCompile>
    <ClCompile Include="ClientSocket.cpp">
      <Filter>소스 파일\Proactor\HandlesOfIO\SockInfo\Client</Filter>
    </ClCompile>
    <ClCompile Include="SockInfo.cpp">
      <Filter>소스 파일\Proactor\HandlesOfIO\SockInfo</Filter>
    </ClCompile>
    <ClCompile Include="ListenSocket.cpp">
      <Filter>소스 파일\Proactor\HandlesOfIO\SockInfo\Client</Filter>
    </ClCompile>
    <ClCompile Include="ClientSocketStates.cpp">
      <Filter>소스 파일\Proactor\HandlesOfIO\SockInfo\Client</Filter>
    </ClCompile>
    <ClCompile Include="DBHandle.cpp">
      <Filter>소스 파일\Proactor\HandlesOfIO\DBHandle</Filter>
    </ClCompile>
    <ClCompile Include="Acceptor.cpp">
      <Filter>소스 파일\Proactor\ChildrenOfActor\ClientActors</Filter>
    </ClCompile>
    <ClCompile Include="Connector.cpp">
      <Filter>소스 파일\Proactor\ChildrenOfActor\ClientActors</Filter>
    </ClCompile>
    <ClCompile Include="Disconnector.cpp">
      <Filter>소스 파일\Proactor\ChildrenOfActor\ClientActors</Filter>
    </ClCompile>
    <ClCompile Include="Receiver.cpp">
      <Filter>소스 파일\Proactor\ChildrenOfActor\ClientActors</Filter>
    </ClCompile>
    <ClCompile Include="Sender.cpp">
      <Filter>소스 파일\Proactor\ChildrenOfActor\ClientActors</Filter>
    </ClCompile>
    <ClCompile Include="DBConnector.cpp">
      <Filter>소스 파일\Proactor\ChildrenOfActor\DBActors</Filter>
    </ClCompile>
    <ClCompile Include="DBDisconnector.cpp">
      <Filter>소스 파일\Proactor\ChildrenOfActor\DBActors</Filter>
    </ClCompile>
    <ClCompile Include="DBHarvester.cpp">
      <Filter>소스 파일\Proactor\ChildrenOfActor\DBActors</Filter>
    </ClCompile>
    <ClCompile Include="DBQuerier.cpp">
      <Filter>소스 파일\Proactor\ChildrenOfActor\DBActors</Filter>
    </ClCompile>
    <ClCompile Include="main.cpp">
      <Filter>소스 파일</Filter>
    </ClCompile>
    <ClCompile Include="GlobalManager.cpp">
      <Filter>소스 파일\Manager\GlobalManager</Filter>
    </ClCompile>
    <ClCompile Include="GamePacketEnumeration.pb.cc">
      <Filter>소스 파일\Protocol\PB</Filter>
    </ClCompile>
    <ClCompile Include="IngamePacket.pb.cc">
      <Filter>소스 파일\Protocol\PB</Filter>
    </ClCompile>
    <ClCompile Include="LoginMessage.pb.cc">
      <Filter>소스 파일\Protocol\PB</Filter>
    </ClCompile>
    <ClCompile Include="RoomPacket.pb.cc">
      <Filter>소스 파일\Protocol\PB</Filter>
    </ClCompile>
  </ItemGroup>
  <ItemGroup>
    <None Include="GamePacketEnumeration.PROTO">
      <Filter>소스 파일\Protocol\PB</Filter>
    </None>
    <None Include="IngamePacket.PROTO">
      <Filter>소스 파일\Protocol\PB</Filter>
    </None>
    <None Include="LoginMessage.PROTO">
      <Filter>소스 파일\Protocol\PB</Filter>
    </None>
    <None Include="RoomPacket.Proto">
      <Filter>소스 파일\Protocol\PB</Filter>
    </None>
  </ItemGroup>
</Project>